
Microsoft Visual Studio Solution File, Format Version 12.00
# Visual Studio Version 16
VisualStudioVersion = 16.0.29123.88
MinimumVisualStudioVersion = 10.0.40219.1
Project("{FAE04EC0-301F-11D3-BF4B-00C04F79EFBC}") = "DepartmentsEmployees", "DepartmentsEmployees\DepartmentsEmployees.csproj", "{21C63219-C94D-48FD-8D54-DC1B5A84B5DE}"
EndProject
Global
	GlobalSection(SolutionConfigurationPlatforms) = preSolution
		Debug|Any CPU = Debug|Any CPU
		Release|Any CPU = Release|Any CPU
	EndGlobalSection
	GlobalSection(ProjectConfigurationPlatforms) = postSolution
		{21C63219-C94D-48FD-8D54-DC1B5A84B5DE}.Debug|Any CPU.ActiveCfg = Debug|Any CPU
		{21C63219-C94D-48FD-8D54-DC1B5A84B5DE}.Debug|Any CPU.Build.0 = Debug|Any CPU
		{21C63219-C94D-48FD-8D54-DC1B5A84B5DE}.Release|Any CPU.ActiveCfg = Release|Any CPU
		{21C63219-C94D-48FD-8D54-DC1B5A84B5DE}.Release|Any CPU.Build.0 = Release|Any CPU
	EndGlobalSection
	GlobalSection(SolutionProperties) = preSolution
		HideSolutionNode = FALSE
	EndGlobalSection
	GlobalSection(ExtensibilityGlobals) = postSolution
		SolutionGuid = {A039A329-EF5D-4DF5-803A-C76D741C0A2C}
	EndGlobalSection
EndGlobal
